
Microsoft Visual Studio Solution File, Format Version 12.00
# Visual Studio Version 17
VisualStudioVersion = 17.9.34728.123
MinimumVisualStudioVersion = 10.0.40219.1
Project("{FAE04EC0-301F-11D3-BF4B-00C04F79EFBC}") = "MoviesApp_BackEnd", "MoviesApp_BackEnd\MoviesApp_BackEnd.csproj", "{2191E850-A2DF-49F6-878C-5D25CFE20A67}"
EndProject
Global
	GlobalSection(SolutionConfigurationPlatforms) = preSolution
		Debug|Any CPU = Debug|Any CPU
		Release|Any CPU = Release|Any CPU
	EndGlobalSection
	GlobalSection(ProjectConfigurationPlatforms) = postSolution
		{2191E850-A2DF-49F6-878C-5D25CFE20A67}.Debug|Any CPU.ActiveCfg = Debug|Any CPU
		{2191E850-A2DF-49F6-878C-5D25CFE20A67}.Debug|Any CPU.Build.0 = Debug|Any CPU
		{2191E850-A2DF-49F6-878C-5D25CFE20A67}.Release|Any CPU.ActiveCfg = Release|Any CPU
		{2191E850-A2DF-49F6-878C-5D25CFE20A67}.Release|Any CPU.Build.0 = Release|Any CPU
	EndGlobalSection
	GlobalSection(SolutionProperties) = preSolution
		HideSolutionNode = FALSE
	EndGlobalSection
	GlobalSection(ExtensibilityGlobals) = postSolution
		SolutionGuid = {4B624E16-516D-4784-891A-330F964E5000}
	EndGlobalSection
EndGlobal
